<?xml version="1.0" encoding="utf-8"?>
<Project ToolsVersion="4.0" xmlns="http://schemas.microsoft.com/developer/msbuild/2003">
  <ItemGroup>
    <Filter Include="源文件">
      <UniqueIdentifier>{4FC737F1-C7A5-4376-A066-2A32D752A2FF}</UniqueIdentifier>
      <Extensions>cpp;c;cc;cxx;def;odl;idl;hpj;bat;asm;asmx</Extensions>
    </Filter>
    <Filter Include="头文件">
      <UniqueIdentifier>{93995380-89BD-4b04-88EB-625FBE52EBFB}</UniqueIdentifier>
      <Extensions>h;hh;hpp;hxx;hm;inl;inc;xsd</Extensions>
    </Filter>
    <Filter Include="资源文件">
      <UniqueIdentifier>{67DA6AB6-F800-4c08-8B7A-83BB121AAD01}</UniqueIdentifier>
      <Extensions>rc;ico;cur;bmp;dlg;rc2;rct;bin;rgs;gif;jpg;jpeg;jpe;resx;tiff;tif;png;wav;mfcribbon-ms</Extensions>
    </Filter>
    <Filter Include="源文件\tpc">
      <UniqueIdentifier>{2d79eec7-18bd-44a4-9a5f-2c0c891343aa}</UniqueIdentifier>
    </Filter>
    <Filter Include="源文件\tpc\include">
      <UniqueIdentifier>{2b677df5-4be1-415d-9beb-e78fad89a551}</UniqueIdentifier>
    </Filter>
    <Filter Include="源文件\tpc\lib">
      <UniqueIdentifier>{bfd57e22-021c-401b-9c86-5bc20e0440fd}</UniqueIdentifier>
    </Filter>
    <Filter Include="源文件\tpc\bin">
      <UniqueIdentifier>{8f874adb-69b8-465c-9fdc-b88db7c771f9}</UniqueIdentifier>
    </Filter>
  </ItemGroup>
  <ItemGroup>
    <ClInclude Include="..\..\recipes\tpc\include\Acceptor.h">
      <Filter>源文件\tpc\include</Filter>
    </ClInclude>
    <ClInclude Include="..\..\recipes\tpc\include\Common.h">
      <Filter>源文件\tpc\include</Filter>
    </ClInclude>
    <ClInclude Include="..\..\recipes\tpc\include\InetAddress.h">
      <Filter>源文件\tpc\include</Filter>
    </ClInclude>
    <ClInclude Include="..\..\recipes\tpc\include\Socket.h">
      <Filter>源文件\tpc\include</Filter>
    </ClInclude>
    <ClInclude Include="..\..\recipes\tpc\include\TcpStream.h">
      <Filter>源文件\tpc\include</Filter>
    </ClInclude>
  </ItemGroup>
  <ItemGroup>
    <ClCompile Include="..\..\recipes\tpc\lib\Acceptor.cc">
      <Filter>源文件\tpc\lib</Filter>
    </ClCompile>
    <ClCompile Include="..\..\recipes\tpc\lib\InetAddress.cc">
      <Filter>源文件\tpc\lib</Filter>
    </ClCompile>
    <ClCompile Include="..\..\recipes\tpc\lib\Socket.cc">
      <Filter>源文件\tpc\lib</Filter>
    </ClCompile>
    <ClCompile Include="..\..\recipes\tpc\lib\TcpStream.cc">
      <Filter>源文件\tpc\lib</Filter>
    </ClCompile>
    <ClCompile Include="..\..\recipes\tpc\bin\chargen.cc">
      <Filter>源文件\tpc\bin</Filter>
    </ClCompile>
    <ClCompile Include="..\..\recipes\tpc\bin\discard.cc">
      <Filter>源文件\tpc\bin</Filter>
    </ClCompile>
    <ClCompile Include="..\..\recipes\tpc\bin\echo.cc">
      <Filter>源文件\tpc\bin</Filter>
    </ClCompile>
    <ClCompile Include="..\..\recipes\tpc\bin\echo_client.cc">
      <Filter>源文件\tpc\bin</Filter>
    </ClCompile>
    <ClCompile Include="..\..\recipes\tpc\bin\footprint.cc">
      <Filter>源文件\tpc\bin</Filter>
    </ClCompile>
    <ClCompile Include="..\..\recipes\tpc\bin\netcat.cc">
      <Filter>源文件\tpc\bin</Filter>
    </ClCompile>
    <ClCompile Include="..\..\recipes\tpc\bin\nodelay.cc">
      <Filter>源文件\tpc\bin</Filter>
    </ClCompile>
    <ClCompile Include="..\..\recipes\tpc\bin\nodelay_server.cc">
      <Filter>源文件\tpc\bin</Filter>
    </ClCompile>
    <ClCompile Include="..\..\recipes\tpc\bin\roundtrip_udp.cc">
      <Filter>源文件\tpc\bin</Filter>
    </ClCompile>
    <ClCompile Include="..\..\recipes\tpc\bin\sender.cc">
      <Filter>源文件\tpc\bin</Filter>
    </ClCompile>
    <ClCompile Include="..\..\recipes\tpc\bin\sendoob.cc">
      <Filter>源文件\tpc\bin</Filter>
    </ClCompile>
    <ClCompile Include="..\..\recipes\tpc\bin\sudoku_stress.cc">
      <Filter>源文件\tpc\bin</Filter>
    </ClCompile>
    <ClCompile Include="..\..\recipes\tpc\bin\ttcp.cc">
      <Filter>源文件\tpc\bin</Filter>
    </ClCompile>
  </ItemGroup>
  <ItemGroup>
    <None Include="..\..\recipes\tpc\bin\footprint.py">
      <Filter>源文件\tpc\bin</Filter>
    </None>
    <None Include="..\..\recipes\tpc\Makefile">
      <Filter>源文件\tpc</Filter>
    </None>
    <None Include="..\..\recipes\tpc\README">
      <Filter>源文件\tpc</Filter>
    </None>
    <None Include="..\..\recipes\tpc\ttcp.pic">
      <Filter>源文件\tpc</Filter>
    </None>
  </ItemGroup>
</Project>