<?xml version="1.0" encoding="utf-8"?>
<Project ToolsVersion="4.0" xmlns="http://schemas.microsoft.com/developer/msbuild/2003">
  <ItemGroup>
    <Filter Include="ch01">
      <UniqueIdentifier>{3b265d2f-1889-4ad3-9c65-e7dafb442de8}</UniqueIdentifier>
    </Filter>
  </ItemGroup>
  <ItemGroup>
    <Text Include="..\..\asio_cpp\ch01\CMakeLists.txt">
      <Filter>ch01</Filter>
    </Text>
  </ItemGroup>
  <ItemGroup>
    <ClCompile Include="..\..\asio_cpp\ch01\Connecting_a_socket.cpp">
      <Filter>ch01</Filter>
    </ClCompile>
  </ItemGroup>
</Project>